<?xml version="1.0" encoding="utf-8"?>
<Project ToolsVersion="4.0" xmlns="http://schemas.microsoft.com/developer/msbuild/2003">
  <ItemGroup>
    <Filter Include="ソース ファイル">
      <UniqueIdentifier>{4FC737F1-C7A5-4376-A066-2A32D752A2FF}</UniqueIdentifier>
      <Extensions>cpp;c;cc;cxx;c++;cppm;ixx;def;odl;idl;hpj;bat;asm;asmx</Extensions>
    </Filter>
    <Filter Include="ヘッダー ファイル">
      <UniqueIdentifier>{93995380-89BD-4b04-88EB-625FBE52EBFB}</UniqueIdentifier>
      <Extensions>h;hh;hpp;hxx;h++;hm;inl;inc;ipp;xsd</Extensions>
    </Filter>
    <Filter Include="リソース ファイル">
      <UniqueIdentifier>{67DA6AB6-F800-4c08-8B7A-83BB121AAD01}</UniqueIdentifier>
      <Extensions>rc;ico;cur;bmp;dlg;rc2;rct;bin;rgs;gif;jpg;jpeg;jpe;resx;tiff;tif;png;wav;mfcribbon-ms</Extensions>
    </Filter>
    <Filter Include="ソース ファイル\SaveManager">
      <UniqueIdentifier>{1528ccc9-a79e-4e63-9666-300eeb3bd44d}</UniqueIdentifier>
    </Filter>
    <Filter Include="ソース ファイル\TitleScene">
      <UniqueIdentifier>{284a1d3e-0733-4c59-aed0-b0f2193400f9}</UniqueIdentifier>
    </Filter>
    <Filter Include="ソース ファイル\Functions">
      <UniqueIdentifier>{0e856814-1c2a-4e34-8a87-9ace5d79dfd8}</UniqueIdentifier>
    </Filter>
    <Filter Include="ソース ファイル\LogoScene">
      <UniqueIdentifier>{64aabd56-f7fe-421a-b554-c88947d68c3a}</UniqueIdentifier>
    </Filter>
    <Filter Include="ソース ファイル\AssetManager">
      <UniqueIdentifier>{80adfd41-0c57-4d0b-ac69-7786dbb121b6}</UniqueIdentifier>
    </Filter>
  </ItemGroup>
  <ItemGroup>
    <ClCompile Include="Main.cpp">
      <Filter>ソース ファイル</Filter>
    </ClCompile>
    <ClCompile Include="SaveManager.cpp">
      <Filter>ソース ファイル\SaveManager</Filter>
    </ClCompile>
    <ClCompile Include="Scene\TitleScene\TitleScene.cpp">
      <Filter>ソース ファイル\TitleScene</Filter>
    </ClCompile>
    <ClCompile Include="Scene\SplashLogo\Section_ShowLogo.cpp">
      <Filter>ソース ファイル\LogoScene</Filter>
    </ClCompile>
    <ClCompile Include="AssetManager.cpp">
      <Filter>ソース ファイル\AssetManager</Filter>
    </ClCompile>
  </ItemGroup>
  <ItemGroup>
    <ClInclude Include="Main.h">
      <Filter>ソース ファイル</Filter>
    </ClInclude>
    <ClInclude Include="SaveManager.h">
      <Filter>ソース ファイル\SaveManager</Filter>
    </ClInclude>
    <ClInclude Include="Scene\TitleScene\TitleScene.h">
      <Filter>ソース ファイル\TitleScene</Filter>
    </ClInclude>
    <ClInclude Include="TotalManager.h">
      <Filter>ソース ファイル</Filter>
    </ClInclude>
    <ClInclude Include="Scene\SplashLogo\Section_ShowLogo.h">
      <Filter>ソース ファイル\LogoScene</Filter>
    </ClInclude>
    <ClInclude Include="AssetManager.h">
      <Filter>ソース ファイル\AssetManager</Filter>
    </ClInclude>
  </ItemGroup>
</Project>